
Microsoft Visual Studio Solution File, Format Version 12.00
# Visual Studio Version 16
VisualStudioVersion = 16.0.31025.194
MinimumVisualStudioVersion = 10.0.40219.1
Project("{9A19103F-16F7-4668-BE54-9A1E7A4F7556}") = "TaxApp", "TaxApp.csproj", "{5260F9F9-F258-4781-B855-7BF41B6DC1A1}"
EndProject
Project("{FAE04EC0-301F-11D3-BF4B-00C04F79EFBC}") = "CalculationTests", "..\CalculationTests\CalculationTests.csproj", "{ECEC2CF5-0BFD-43C8-BF62-9CBFF489DCB6}"
EndProject
Project("{FAE04EC0-301F-11D3-BF4B-00C04F79EFBC}") = "DataLib", "..\DataLib\DataLib.csproj", "{E73CED3A-7946-4DA3-AE57-E3C80A8EAEC0}"
EndProject
Global
	GlobalSection(SolutionConfigurationPlatforms) = preSolution
		Debug|Any CPU = Debug|Any CPU
		Release|Any CPU = Release|Any CPU
	EndGlobalSection
	GlobalSection(ProjectConfigurationPlatforms) = postSolution
		{5260F9F9-F258-4781-B855-7BF41B6DC1A1}.Debug|Any CPU.ActiveCfg = Debug|Any CPU
		{5260F9F9-F258-4781-B855-7BF41B6DC1A1}.Debug|Any CPU.Build.0 = Debug|Any CPU
		{5260F9F9-F258-4781-B855-7BF41B6DC1A1}.Release|Any CPU.ActiveCfg = Release|Any CPU
		{5260F9F9-F258-4781-B855-7BF41B6DC1A1}.Release|Any CPU.Build.0 = Release|Any CPU
		{ECEC2CF5-0BFD-43C8-BF62-9CBFF489DCB6}.Debug|Any CPU.ActiveCfg = Debug|Any CPU
		{ECEC2CF5-0BFD-43C8-BF62-9CBFF489DCB6}.Debug|Any CPU.Build.0 = Debug|Any CPU
		{ECEC2CF5-0BFD-43C8-BF62-9CBFF489DCB6}.Release|Any CPU.ActiveCfg = Release|Any CPU
		{ECEC2CF5-0BFD-43C8-BF62-9CBFF489DCB6}.Release|Any CPU.Build.0 = Release|Any CPU
		{E73CED3A-7946-4DA3-AE57-E3C80A8EAEC0}.Debug|Any CPU.ActiveCfg = Debug|Any CPU
		{E73CED3A-7946-4DA3-AE57-E3C80A8EAEC0}.Debug|Any CPU.Build.0 = Debug|Any CPU
		{E73CED3A-7946-4DA3-AE57-E3C80A8EAEC0}.Release|Any CPU.ActiveCfg = Release|Any CPU
		{E73CED3A-7946-4DA3-AE57-E3C80A8EAEC0}.Release|Any CPU.Build.0 = Release|Any CPU
	EndGlobalSection
	GlobalSection(SolutionProperties) = preSolution
		HideSolutionNode = FALSE
	EndGlobalSection
	GlobalSection(ExtensibilityGlobals) = postSolution
		SolutionGuid = {922078CC-44BD-49D7-B618-0101D4BF08F4}
	EndGlobalSection
EndGlobal
